
Microsoft Visual Studio Solution File, Format Version 12.00
# Visual Studio Version 16
VisualStudioVersion = 16.0.30330.147
MinimumVisualStudioVersion = 10.0.40219.1
Project("{FAE04EC0-301F-11D3-BF4B-00C04F79EFBC}") = "Tarla", "Tarla\Tarla.csproj", "{1401E3F9-E07E-4ACF-857F-AF80307A354D}"
EndProject
Global
	GlobalSection(SolutionConfigurationPlatforms) = preSolution
		Debug|Any CPU = Debug|Any CPU
		Release|Any CPU = Release|Any CPU
	EndGlobalSection
	GlobalSection(ProjectConfigurationPlatforms) = postSolution
		{1401E3F9-E07E-4ACF-857F-AF80307A354D}.Debug|Any CPU.ActiveCfg = Debug|Any CPU
		{1401E3F9-E07E-4ACF-857F-AF80307A354D}.Debug|Any CPU.Build.0 = Debug|Any CPU
		{1401E3F9-E07E-4ACF-857F-AF80307A354D}.Release|Any CPU.ActiveCfg = Release|Any CPU
		{1401E3F9-E07E-4ACF-857F-AF80307A354D}.Release|Any CPU.Build.0 = Release|Any CPU
	EndGlobalSection
	GlobalSection(SolutionProperties) = preSolution
		HideSolutionNode = FALSE
	EndGlobalSection
	GlobalSection(ExtensibilityGlobals) = postSolution
		SolutionGuid = {D851462B-E7CE-41EF-9BA9-4081FF1A183A}
	EndGlobalSection
EndGlobal
